// !$*UTF8*$!
{
	archiveVersion = 1;
	classes = {
	};
	objectVersion = 56;
	objects = {

/* Begin PBXBuildFile section */
		F08464DA29A7931800B6932A /* AppDelegate.swift in Sources */ = {isa = PBXBuildFile; fileRef = F08464D929A7931800B6932A /* AppDelegate.swift */; };
		F08464DC29A7931800B6932A /* SceneDelegate.swift in Sources */ = {isa = PBXBuildFile; fileRef = F08464DB29A7931800B6932A /* SceneDelegate.swift */; };
		F08464DE29A7931800B6932A /* ViewController.swift in Sources */ = {isa = PBXBuildFile; fileRef = F08464DD29A7931800B6932A /* ViewController.swift */; };
		F08464E129A7931800B6932A /* Main.storyboard in Resources */ = {isa = PBXBuildFile; fileRef = F08464DF29A7931800B6932A /* Main.storyboard */; };
		F08464E329A7931A00B6932A /* Assets.xcassets in Resources */ = {isa = PBXBuildFile; fileRef = F08464E229A7931A00B6932A /* Assets.xcassets */; };
		F08464E629A7931A00B6932A /* LaunchScreen.storyboard in Resources */ = {isa = PBXBuildFile; fileRef = F08464E429A7931A00B6932A /* LaunchScreen.storyboard */; };
		F08464F129A7931A00B6932A /* MovieDB_ListTests.swift in Sources */ = {isa = PBXBuildFile; fileRef = F08464F029A7931A00B6932A /* MovieDB_ListTests.swift */; };
		F08464FB29A7931A00B6932A /* MovieDB_ListUITests.swift in Sources */ = {isa = PBXBuildFile; fileRef = F08464FA29A7931A00B6932A /* MovieDB_ListUITests.swift */; };
		F08464FD29A7931A00B6932A /* MovieDB_ListUITestsLaunchTests.swift in Sources */ = {isa = PBXBuildFile; fileRef = F08464FC29A7931A00B6932A /* MovieDB_ListUITestsLaunchTests.swift */; };
/* End PBXBuildFile section */

/* Begin PBXContainerItemProxy section */
		F08464ED29A7931A00B6932A /* PBXContainerItemProxy */ = {
			isa = PBXContainerItemProxy;
			containerPortal = F08464CE29A7931800B6932A /* Project object */;
			proxyType = 1;
			remoteGlobalIDString = F08464D529A7931800B6932A;
			remoteInfo = "MovieDB-List";
		};
		F08464F729A7931A00B6932A /* PBXContainerItemProxy */ = {
			isa = PBXContainerItemProxy;
			containerPortal = F08464CE29A7931800B6932A /* Project object */;
			proxyType = 1;
			remoteGlobalIDString = F08464D529A7931800B6932A;
			remoteInfo = "MovieDB-List";
		};
/* End PBXContainerItemProxy section */

/* Begin PBXFileReference section */
		F08464D629A7931800B6932A /* MovieDB-List.app */ = {isa = PBXFileReference; explicitFileType = wrapper.application; includeInIndex = 0; path = "MovieDB-List.app"; sourceTree = BUILT_PRODUCTS_DIR; };
		F08464D929A7931800B6932A /* AppDelegate.swift */ = {isa = PBXFileReference; lastKnownFileType = sourcecode.swift; path = AppDelegate.swift; sourceTree = "<group>"; };
		F08464DB29A7931800B6932A /* SceneDelegate.swift */ = {isa = PBXFileReference; lastKnownFileType = sourcecode.swift; path = SceneDelegate.swift; sourceTree = "<group>"; };
		F08464DD29A7931800B6932A /* ViewController.swift */ = {isa = PBXFileReference; lastKnownFileType = sourcecode.swift; path = ViewController.swift; sourceTree = "<group>"; };
		F08464E029A7931800B6932A /* Base */ = {isa = PBXFileReference; lastKnownFileType = file.storyboard; name = Base; path = Base.lproj/Main.storyboard; sourceTree = "<group>"; };
		F08464E229A7931A00B6932A /* Assets.xcassets */ = {isa = PBXFileReference; lastKnownFileType = folder.assetcatalog; path = Assets.xcassets; sourceTree = "<group>"; };
		F08464E529A7931A00B6932A /* Base */ = {isa = PBXFileReference; lastKnownFileType = file.storyboard; name = Base; path = Base.lproj/LaunchScreen.storyboard; sourceTree = "<group>"; };
		F08464E729A7931A00B6932A /* Info.plist */ = {isa = PBXFileReference; lastKnownFileType = text.plist.xml; path = Info.plist; sourceTree = "<group>"; };
		F08464EC29A7931A00B6932A /* MovieDB-ListTests.xctest */ = {isa = PBXFileReference; explicitFileType = wrapper.cfbundle; includeInIndex = 0; path = "MovieDB-ListTests.xctest"; sourceTree = BUILT_PRODUCTS_DIR; };
		F08464F029A7931A00B6932A /* MovieDB_ListTests.swift */ = {isa = PBXFileReference; lastKnownFileType = sourcecode.swift; path = MovieDB_ListTests.swift; sourceTree = "<group>"; };
		F08464F629A7931A00B6932A /* MovieDB-ListUITests.xctest */ = {isa = PBXFileReference; explicitFileType = wrapper.cfbundle; includeInIndex = 0; path = "MovieDB-ListUITests.xctest"; sourceTree = BUILT_PRODUCTS_DIR; };
		F08464FA29A7931A00B6932A /* MovieDB_ListUITests.swift */ = {isa = PBXFileReference; lastKnownFileType = sourcecode.swift; path = MovieDB_ListUITests.swift; sourceTree = "<group>"; };
		F08464FC29A7931A00B6932A /* MovieDB_ListUITestsLaunchTests.swift */ = {isa = PBXFileReference; lastKnownFileType = sourcecode.swift; path = MovieDB_ListUITestsLaunchTests.swift; sourceTree = "<group>"; };
/* End PBXFileReference section */

/* Begin PBXFrameworksBuildPhase section */
		F08464D329A7931800B6932A /* Frameworks */ = {
			isa = PBXFrameworksBuildPhase;
			buildActionMask = 2147483647;
			files = (
			);
			runOnlyForDeploymentPostprocessing = 0;
		};
		F08464E929A7931A00B6932A /* Frameworks */ = {
			isa = PBXFrameworksBuildPhase;
			buildActionMask = 2147483647;
			files = (
			);
			runOnlyForDeploymentPostprocessing = 0;
		};
		F08464F329A7931A00B6932A /* Frameworks */ = {
			isa = PBXFrameworksBuildPhase;
			buildActionMask = 2147483647;
			files = (
			);
			runOnlyForDeploymentPostprocessing = 0;
		};
/* End PBXFrameworksBuildPhase section */

/* Begin PBXGroup section */
		F08464CD29A7931800B6932A = {
			isa = PBXGroup;
			children = (
				F08464D829A7931800B6932A /* MovieDB-List */,
				F08464EF29A7931A00B6932A /* MovieDB-ListTests */,
				F08464F929A7931A00B6932A /* MovieDB-ListUITests */,
				F08464D729A7931800B6932A /* Products */,
			);
			sourceTree = "<group>";
		};
		F08464D729A7931800B6932A /* Products */ = {
			isa = PBXGroup;
			children = (
				F08464D629A7931800B6932A /* MovieDB-List.app */,
				F08464EC29A7931A00B6932A /* MovieDB-ListTests.xctest */,
				F08464F629A7931A00B6932A /* MovieDB-ListUITests.xctest */,
			);
			name = Products;
			sourceTree = "<group>";
		};
		F08464D829A7931800B6932A /* MovieDB-List */ = {
			isa = PBXGroup;
			children = (
				F08464D929A7931800B6932A /* AppDelegate.swift */,
				F08464DB29A7931800B6932A /* SceneDelegate.swift */,
				F08464DD29A7931800B6932A /* ViewController.swift */,
				F08464DF29A7931800B6932A /* Main.storyboard */,
				F08464E229A7931A00B6932A /* Assets.xcassets */,
				F08464E429A7931A00B6932A /* LaunchScreen.storyboard */,
				F08464E729A7931A00B6932A /* Info.plist */,
			);
			path = "MovieDB-List";
			sourceTree = "<group>";
		};
		F08464EF29A7931A00B6932A /* MovieDB-ListTests */ = {
			isa = PBXGroup;
			children = (
				F08464F029A7931A00B6932A /* MovieDB_ListTests.swift */,
			);
			path = "MovieDB-ListTests";
			sourceTree = "<group>";
		};
		F08464F929A7931A00B6932A /* MovieDB-ListUITests */ = {
			isa = PBXGroup;
			children = (
				F08464FA29A7931A00B6932A /* MovieDB_ListUITests.swift */,
				F08464FC29A7931A00B6932A /* MovieDB_ListUITestsLaunchTests.swift */,
			);
			path = "MovieDB-ListUITests";
			sourceTree = "<group>";
		};
/* End PBXGroup section */

/* Begin PBXNativeTarget section */
		F08464D529A7931800B6932A /* MovieDB-List */ = {
			isa = PBXNativeTarget;
			buildConfigurationList = F084650029A7931A00B6932A /* Build configuration list for PBXNativeTarget "MovieDB-List" */;
			buildPhases = (
				F08464D229A7931800B6932A /* Sources */,
				F08464D329A7931800B6932A /* Frameworks */,
				F08464D429A7931800B6932A /* Resources */,
			);
			buildRules = (
			);
			dependencies = (
			);
			name = "MovieDB-List";
			productName = "MovieDB-List";
			productReference = F08464D629A7931800B6932A /* MovieDB-List.app */;
			productType = "com.apple.product-type.application";
		};
		F08464EB29A7931A00B6932A /* MovieDB-ListTests */ = {
			isa = PBXNativeTarget;
			buildConfigurationList = F084650329A7931A00B6932A /* Build configuration list for PBXNativeTarget "MovieDB-ListTests" */;
			buildPhases = (
				F08464E829A7931A00B6932A /* Sources */,
				F08464E929A7931A00B6932A /* Frameworks */,
				F08464EA29A7931A00B6932A /* Resources */,
			);
			buildRules = (
			);
			dependencies = (
				F08464EE29A7931A00B6932A /* PBXTargetDependency */,
			);
			name = "MovieDB-ListTests";
			productName = "MovieDB-ListTests";
			productReference = F08464EC29A7931A00B6932A /* MovieDB-ListTests.xctest */;
			productType = "com.apple.product-type.bundle.unit-test";
		};
		F08464F529A7931A00B6932A /* MovieDB-ListUITests */ = {
			isa = PBXNativeTarget;
			buildConfigurationList = F084650629A7931A00B6932A /* Build configuration list for PBXNativeTarget "MovieDB-ListUITests" */;
			buildPhases = (
				F08464F229A7931A00B6932A /* Sources */,
				F08464F329A7931A00B6932A /* Frameworks */,
				F08464F429A7931A00B6932A /* Resources */,
			);
			buildRules = (
			);
			dependencies = (
				F08464F829A7931A00B6932A /* PBXTargetDependency */,
			);
			name = "MovieDB-ListUITests";
			productName = "MovieDB-ListUITests";
			productReference = F08464F629A7931A00B6932A /* MovieDB-ListUITests.xctest */;
			productType = "com.apple.product-type.bundle.ui-testing";
		};
/* End PBXNativeTarget section */

/* Begin PBXProject section */
		F08464CE29A7931800B6932A /* Project object */ = {
			isa = PBXProject;
			attributes = {
				BuildIndependentTargetsInParallel = 1;
				LastSwiftUpdateCheck = 1400;
				LastUpgradeCheck = 1400;
				TargetAttributes = {
					F08464D529A7931800B6932A = {
						CreatedOnToolsVersion = 14.0;
					};
					F08464EB29A7931A00B6932A = {
						CreatedOnToolsVersion = 14.0;
						TestTargetID = F08464D529A7931800B6932A;
					};
					F08464F529A7931A00B6932A = {
						CreatedOnToolsVersion = 14.0;
						TestTargetID = F08464D529A7931800B6932A;
					};
				};
			};
			buildConfigurationList = F08464D129A7931800B6932A /* Build configuration list for PBXProject "MovieDB-List" */;
			compatibilityVersion = "Xcode 14.0";
			developmentRegion = en;
			hasScannedForEncodings = 0;
			knownRegions = (
				en,
				Base,
			);
			mainGroup = F08464CD29A7931800B6932A;
			productRefGroup = F08464D729A7931800B6932A /* Products */;
			projectDirPath = "";
			projectRoot = "";
			targets = (
				F08464D529A7931800B6932A /* MovieDB-List */,
				F08464EB29A7931A00B6932A /* MovieDB-ListTests */,
				F08464F529A7931A00B6932A /* MovieDB-ListUITests */,
			);
		};
/* End PBXProject section */

/* Begin PBXResourcesBuildPhase section */
		F08464D429A7931800B6932A /* Resources */ = {
			isa = PBXResourcesBuildPhase;
			buildActionMask = 2147483647;
			files = (
				F08464E629A7931A00B6932A /* LaunchScreen.storyboard in Resources */,
				F08464E329A7931A00B6932A /* Assets.xcassets in Resources */,
				F08464E129A7931800B6932A /* Main.storyboard in Resources */,
			);
			runOnlyForDeploymentPostprocessing = 0;
		};
		F08464EA29A7931A00B6932A /* Resources */ = {
			isa = PBXResourcesBuildPhase;
			buildActionMask = 2147483647;
			files = (
			);
			runOnlyForDeploymentPostprocessing = 0;
		};
		F08464F429A7931A00B6932A /* Resources */ = {
			isa = PBXResourcesBuildPhase;
			buildActionMask = 2147483647;
			files = (
			);
			runOnlyForDeploymentPostprocessing = 0;
		};
/* End PBXResourcesBuildPhase section */

/* Begin PBXSourcesBuildPhase section */
		F08464D229A7931800B6932A /* Sources */ = {
			isa = PBXSourcesBuildPhase;
			buildActionMask = 2147483647;
			files = (
				F08464DE29A7931800B6932A /* ViewController.swift in Sources */,
				F08464DA29A7931800B6932A /* AppDelegate.swift in Sources */,
				F08464DC29A7931800B6932A /* SceneDelegate.swift in Sources */,
			);
			runOnlyForDeploymentPostprocessing = 0;
		};
		F08464E829A7931A00B6932A /* Sources */ = {
			isa = PBXSourcesBuildPhase;
			buildActionMask = 2147483647;
			files = (
				F08464F129A7931A00B6932A /* MovieDB_ListTests.swift in Sources */,
			);
			runOnlyForDeploymentPostprocessing = 0;
		};
		F08464F229A7931A00B6932A /* Sources */ = {
			isa = PBXSourcesBuildPhase;
			buildActionMask = 2147483647;
			files = (
				F08464FB29A7931A00B6932A /* MovieDB_ListUITests.swift in Sources */,
				F08464FD29A7931A00B6932A /* MovieDB_ListUITestsLaunchTests.swift in Sources */,
			);
			runOnlyForDeploymentPostprocessing = 0;
		};
/* End PBXSourcesBuildPhase section */

/* Begin PBXTargetDependency section */
		F08464EE29A7931A00B6932A /* PBXTargetDependency */ = {
			isa = PBXTargetDependency;
			target = F08464D529A7931800B6932A /* MovieDB-List */;
			targetProxy = F08464ED29A7931A00B6932A /* PBXContainerItemProxy */;
		};
		F08464F829A7931A00B6932A /* PBXTargetDependency */ = {
			isa = PBXTargetDependency;
			target = F08464D529A7931800B6932A /* MovieDB-List */;
			targetProxy = F08464F729A7931A00B6932A /* PBXContainerItemProxy */;
		};
/* End PBXTargetDependency section */

/* Begin PBXVariantGroup section */
		F08464DF29A7931800B6932A /* Main.storyboard */ = {
			isa = PBXVariantGroup;
			children = (
				F08464E029A7931800B6932A /* Base */,
			);
			name = Main.storyboard;
			sourceTree = "<group>";
		};
		F08464E429A7931A00B6932A /* LaunchScreen.storyboard */ = {
			isa = PBXVariantGroup;
			children = (
				F08464E529A7931A00B6932A /* Base */,
			);
			name = LaunchScreen.storyboard;
			sourceTree = "<group>";
		};
/* End PBXVariantGroup section */

/* Begin XCBuildConfiguration section */
		F08464FE29A7931A00B6932A /* Debug */ = {
			isa = XCBuildConfiguration;
			buildSettings = {
				ALWAYS_SEARCH_USER_PATHS = NO;
				CLANG_ANALYZER_NONNULL = YES;
				CLANG_ANALYZER_NUMBER_OBJECT_CONVERSION = YES_AGGRESSIVE;
				CLANG_CXX_LANGUAGE_STANDARD = "gnu++20";
				CLANG_ENABLE_MODULES = YES;
				CLANG_ENABLE_OBJC_ARC = YES;
				CLANG_ENABLE_OBJC_WEAK = YES;
				CLANG_WARN_BLOCK_CAPTURE_AUTORELEASING = YES;
				CLANG_WARN_BOOL_CONVERSION = YES;
				CLANG_WARN_COMMA = YES;
				CLANG_WARN_CONSTANT_CONVERSION = YES;
				CLANG_WARN_DEPRECATED_OBJC_IMPLEMENTATIONS = YES;
				CLANG_WARN_DIRECT_OBJC_ISA_USAGE = YES_ERROR;
				CLANG_WARN_DOCUMENTATION_COMMENTS = YES;
				CLANG_WARN_EMPTY_BODY = YES;
				CLANG_WARN_ENUM_CONVERSION = YES;
				CLANG_WARN_INFINITE_RECURSION = YES;
				CLANG_WARN_INT_CONVERSION = YES;
				CLANG_WARN_NON_LITERAL_NULL_CONVERSION = YES;
				CLANG_WARN_OBJC_IMPLICIT_RETAIN_SELF = YES;
				CLANG_WARN_OBJC_LITERAL_CONVERSION = YES;
				CLANG_WARN_OBJC_ROOT_CLASS = YES_ERROR;
				CLANG_WARN_QUOTED_INCLUDE_IN_FRAMEWORK_HEADER = YES;
				CLANG_WARN_RANGE_LOOP_ANALYSIS = YES;
				CLANG_WARN_STRICT_PROTOTYPES = YES;
				CLANG_WARN_SUSPICIOUS_MOVE = YES;
				CLANG_WARN_UNGUARDED_AVAILABILITY = YES_AGGRESSIVE;
				CLANG_WARN_UNREACHABLE_CODE = YES;
				CLANG_WARN__DUPLICATE_METHOD_MATCH = YES;
				COPY_PHASE_STRIP = NO;
				DEBUG_INFORMATION_FORMAT = dwarf;
				ENABLE_STRICT_OBJC_MSGSEND = YES;
				ENABLE_TESTABILITY = YES;
				GCC_C_LANGUAGE_STANDARD = gnu11;
				GCC_DYNAMIC_NO_PIC = NO;
				GCC_NO_COMMON_BLOCKS = YES;
				GCC_OPTIMIZATION_LEVEL = 0;
				GCC_PREPROCESSOR_DEFINITIONS = (
					"DEBUG=1",
					"$(inherited)",
				);
				GCC_WARN_64_TO_32_BIT_CONVERSION = YES;
				GCC_WARN_ABOUT_RETURN_TYPE = YES_ERROR;
				GCC_WARN_UNDECLARED_SELECTOR = YES;
				GCC_WARN_UNINITIALIZED_AUTOS = YES_AGGRESSIVE;
				GCC_WARN_UNUSED_FUNCTION = YES;
				GCC_WARN_UNUSED_VARIABLE = YES;
				IPHONEOS_DEPLOYMENT_TARGET = 16.0;
				MTL_ENABLE_DEBUG_INFO = INCLUDE_SOURCE;
				MTL_FAST_MATH = YES;
				ONLY_ACTIVE_ARCH = YES;
				SDKROOT = iphoneos;
				SWIFT_ACTIVE_COMPILATION_CONDITIONS = DEBUG;
				SWIFT_OPTIMIZATION_LEVEL = "-Onone";
			};
			name = Debug;
		};
		F08464FF29A7931A00B6932A /* Release */ = {
			isa = XCBuildConfiguration;
			buildSettings = {
				ALWAYS_SEARCH_USER_PATHS = NO;
				CLANG_ANALYZER_NONNULL = YES;
				CLANG_ANALYZER_NUMBER_OBJECT_CONVERSION = YES_AGGRESSIVE;
				CLANG_CXX_LANGUAGE_STANDARD = "gnu++20";
				CLANG_ENABLE_MODULES = YES;
				CLANG_ENABLE_OBJC_ARC = YES;
				CLANG_ENABLE_OBJC_WEAK = YES;
				CLANG_WARN_BLOCK_CAPTURE_AUTORELEASING = YES;
				CLANG_WARN_BOOL_CONVERSION = YES;
				CLANG_WARN_COMMA = YES;
				CLANG_WARN_CONSTANT_CONVERSION = YES;
				CLANG_WARN_DEPRECATED_OBJC_IMPLEMENTATIONS = YES;
				CLANG_WARN_DIRECT_OBJC_ISA_USAGE = YES_ERROR;
				CLANG_WARN_DOCUMENTATION_COMMENTS = YES;
				CLANG_WARN_EMPTY_BODY = YES;
				CLANG_WARN_ENUM_CONVERSION = YES;
				CLANG_WARN_INFINITE_RECURSION = YES;
				CLANG_WARN_INT_CONVERSION = YES;
				CLANG_WARN_NON_LITERAL_NULL_CONVERSION = YES;
				CLANG_WARN_OBJC_IMPLICIT_RETAIN_SELF = YES;
				CLANG_WARN_OBJC_LITERAL_CONVERSION = YES;
				CLANG_WARN_OBJC_ROOT_CLASS = YES_ERROR;
				CLANG_WARN_QUOTED_INCLUDE_IN_FRAMEWORK_HEADER = YES;
				CLANG_WARN_RANGE_LOOP_ANALYSIS = YES;
				CLANG_WARN_STRICT_PROTOTYPES = YES;
				CLANG_WARN_SUSPICIOUS_MOVE = YES;
				CLANG_WARN_UNGUARDED_AVAILABILITY = YES_AGGRESSIVE;
				CLANG_WARN_UNREACHABLE_CODE = YES;
				CLANG_WARN__DUPLICATE_METHOD_MATCH = YES;
				COPY_PHASE_STRIP = NO;
				DEBUG_INFORMATION_FORMAT = "dwarf-with-dsym";
				ENABLE_NS_ASSERTIONS = NO;
				ENABLE_STRICT_OBJC_MSGSEND = YES;
				GCC_C_LANGUAGE_STANDARD = gnu11;
				GCC_NO_COMMON_BLOCKS = YES;
				GCC_WARN_64_TO_32_BIT_CONVERSION = YES;
				GCC_WARN_ABOUT_RETURN_TYPE = YES_ERROR;
				GCC_WARN_UNDECLARED_SELECTOR = YES;
				GCC_WARN_UNINITIALIZED_AUTOS = YES_AGGRESSIVE;
				GCC_WARN_UNUSED_FUNCTION = YES;
				GCC_WARN_UNUSED_VARIABLE = YES;
				IPHONEOS_DEPLOYMENT_TARGET = 16.0;
				MTL_ENABLE_DEBUG_INFO = NO;
				MTL_FAST_MATH = YES;
				SDKROOT = iphoneos;
				SWIFT_COMPILATION_MODE = wholemodule;
				SWIFT_OPTIMIZATION_LEVEL = "-O";
				VALIDATE_PRODUCT = YES;
			};
			name = Release;
		};
		F084650129A7931A00B6932A /* Debug */ = {
			isa = XCBuildConfiguration;
			buildSettings = {
				ASSETCATALOG_COMPILER_APPICON_NAME = AppIcon;
				ASSETCATALOG_COMPILER_GLOBAL_ACCENT_COLOR_NAME = AccentColor;
				CODE_SIGN_STYLE = Automatic;
				CURRENT_PROJECT_VERSION = 1;
				DEVELOPMENT_TEAM = 784J694B86;
				GENERATE_INFOPLIST_FILE = YES;
				INFOPLIST_FILE = "MovieDB-List/Info.plist";
				INFOPLIST_KEY_UIApplicationSupportsIndirectInputEvents = YES;
				INFOPLIST_KEY_UILaunchStoryboardName = LaunchScreen;
				INFOPLIST_KEY_UIMainStoryboardFile = Main;
				INFOPLIST_KEY_UISupportedInterfaceOrientations_iPad = "UIInterfaceOrientationPortrait UIInterfaceOrientationPortraitUpsideDown UIInterfaceOrientationLandscapeLeft UIInterfaceOrientationLandscapeRight";
				INFOPLIST_KEY_UISupportedInterfaceOrientations_iPhone = "UIInterfaceOrientationPortrait UIInterfaceOrientationLandscapeLeft UIInterfaceOrientationLandscapeRight";
				LD_RUNPATH_SEARCH_PATHS = (
					"$(inherited)",
					"@executable_path/Frameworks",
				);
				MARKETING_VERSION = 1.0;
				PRODUCT_BUNDLE_IDENTIFIER = "com.davin.MovieDB-List";
				PRODUCT_NAME = "$(TARGET_NAME)";
				SWIFT_EMIT_LOC_STRINGS = YES;
				SWIFT_VERSION = 5.0;
				TARGETED_DEVICE_FAMILY = "1,2";
			};
			name = Debug;
		};
		F084650229A7931A00B6932A /* Release */ = {
			isa = XCBuildConfiguration;
			buildSettings = {
				ASSETCATALOG_COMPILER_APPICON_NAME = AppIcon;
				ASSETCATALOG_COMPILER_GLOBAL_ACCENT_COLOR_NAME = AccentColor;
				CODE_SIGN_STYLE = Automatic;
				CURRENT_PROJECT_VERSION = 1;
				DEVELOPMENT_TEAM = 784J694B86;
				GENERATE_INFOPLIST_FILE = YES;
				INFOPLIST_FILE = "MovieDB-List/Info.plist";
				INFOPLIST_KEY_UIApplicationSupportsIndirectInputEvents = YES;
				INFOPLIST_KEY_UILaunchStoryboardName = LaunchScreen;
				INFOPLIST_KEY_UIMainStoryboardFile = Main;
				INFOPLIST_KEY_UISupportedInterfaceOrientations_iPad = "UIInterfaceOrientationPortrait UIInterfaceOrientationPortraitUpsideDown UIInterfaceOrientationLandscapeLeft UIInterfaceOrientationLandscapeRight";
				INFOPLIST_KEY_UISupportedInterfaceOrientations_iPhone = "UIInterfaceOrientationPortrait UIInterfaceOrientationLandscapeLeft UIInterfaceOrientationLandscapeRight";
				LD_RUNPATH_SEARCH_PATHS = (
					"$(inherited)",
					"@executable_path/Frameworks",
				);
				MARKETING_VERSION = 1.0;
				PRODUCT_BUNDLE_IDENTIFIER = "com.davin.MovieDB-List";
				PRODUCT_NAME = "$(TARGET_NAME)";
				SWIFT_EMIT_LOC_STRINGS = YES;
				SWIFT_VERSION = 5.0;
				TARGETED_DEVICE_FAMILY = "1,2";
			};
			name = Release;
		};
		F084650429A7931A00B6932A /* Debug */ = {
			isa = XCBuildConfiguration;
			buildSettings = {
				ALWAYS_EMBED_SWIFT_STANDARD_LIBRARIES = YES;
				BUNDLE_LOADER = "$(TEST_HOST)";
				CODE_SIGN_STYLE = Automatic;
				CURRENT_PROJECT_VERSION = 1;
				DEVELOPMENT_TEAM = 784J694B86;
				GENERATE_INFOPLIST_FILE = YES;
				IPHONEOS_DEPLOYMENT_TARGET = 16.0;
				MARKETING_VERSION = 1.0;
				PRODUCT_BUNDLE_IDENTIFIER = "com.davin.MovieDB-ListTests";
				PRODUCT_NAME = "$(TARGET_NAME)";
				SWIFT_EMIT_LOC_STRINGS = NO;
				SWIFT_VERSION = 5.0;
				TARGETED_DEVICE_FAMILY = "1,2";
				TEST_HOST = "$(BUILT_PRODUCTS_DIR)/MovieDB-List.app/$(BUNDLE_EXECUTABLE_FOLDER_PATH)/MovieDB-List";
			};
			name = Debug;
		};
		F084650529A7931A00B6932A /* Release */ = {
			isa = XCBuildConfiguration;
			buildSettings = {
				ALWAYS_EMBED_SWIFT_STANDARD_LIBRARIES = YES;
				BUNDLE_LOADER = "$(TEST_HOST)";
				CODE_SIGN_STYLE = Automatic;
				CURRENT_PROJECT_VERSION = 1;
				DEVELOPMENT_TEAM = 784J694B86;
				GENERATE_INFOPLIST_FILE = YES;
				IPHONEOS_DEPLOYMENT_TARGET = 16.0;
				MARKETING_VERSION = 1.0;
				PRODUCT_BUNDLE_IDENTIFIER = "com.davin.MovieDB-ListTests";
				PRODUCT_NAME = "$(TARGET_NAME)";
				SWIFT_EMIT_LOC_STRINGS = NO;
				SWIFT_VERSION = 5.0;
				TARGETED_DEVICE_FAMILY = "1,2";
				TEST_HOST = "$(BUILT_PRODUCTS_DIR)/MovieDB-List.app/$(BUNDLE_EXECUTABLE_FOLDER_PATH)/MovieDB-List";
			};
			name = Release;
		};
		F084650729A7931A00B6932A /* Debug */ = {
			isa = XCBuildConfiguration;
			buildSettings = {
				ALWAYS_EMBED_SWIFT_STANDARD_LIBRARIES = YES;
				CODE_SIGN_STYLE = Automatic;
				CURRENT_PROJECT_VERSION = 1;
				DEVELOPMENT_TEAM = 784J694B86;
				GENERATE_INFOPLIST_FILE = YES;
				MARKETING_VERSION = 1.0;
				PRODUCT_BUNDLE_IDENTIFIER = "com.davin.MovieDB-ListUITests";
				PRODUCT_NAME = "$(TARGET_NAME)";
				SWIFT_EMIT_LOC_STRINGS = NO;
				SWIFT_VERSION = 5.0;
				TARGETED_DEVICE_FAMILY = "1,2";
				TEST_TARGET_NAME = "MovieDB-List";
			};
			name = Debug;
		};
		F084650829A7931A00B6932A /* Release */ = {
			isa = XCBuildConfiguration;
			buildSettings = {
				ALWAYS_EMBED_SWIFT_STANDARD_LIBRARIES = YES;
				CODE_SIGN_STYLE = Automatic;
				CURRENT_PROJECT_VERSION = 1;
				DEVELOPMENT_TEAM = 784J694B86;
				GENERATE_INFOPLIST_FILE = YES;
				MARKETING_VERSION = 1.0;
				PRODUCT_BUNDLE_IDENTIFIER = "com.davin.MovieDB-ListUITests";
				PRODUCT_NAME = "$(TARGET_NAME)";
				SWIFT_EMIT_LOC_STRINGS = NO;
				SWIFT_VERSION = 5.0;
				TARGETED_DEVICE_FAMILY = "1,2";
				TEST_TARGET_NAME = "MovieDB-List";
			};
			name = Release;
		};
/* End XCBuildConfiguration section */

/* Begin XCConfigurationList section */
		F08464D129A7931800B6932A /* Build configuration list for PBXProject "MovieDB-List" */ = {
			isa = XCConfigurationList;
			buildConfigurations = (
				F08464FE29A7931A00B6932A /* Debug */,
				F08464FF29A7931A00B6932A /* Release */,
			);
			defaultConfigurationIsVisible = 0;
			defaultConfigurationName = Release;
		};
		F084650029A7931A00B6932A /* Build configuration list for PBXNativeTarget "MovieDB-List" */ = {
			isa = XCConfigurationList;
			buildConfigurations = (
				F084650129A7931A00B6932A /* Debug */,
				F084650229A7931A00B6932A /* Release */,
			);
			defaultConfigurationIsVisible = 0;
			defaultConfigurationName = Release;
		};
		F084650329A7931A00B6932A /* Build configuration list for PBXNativeTarget "MovieDB-ListTests" */ = {
			isa = XCConfigurationList;
			buildConfigurations = (
				F084650429A7931A00B6932A /* Debug */,
				F084650529A7931A00B6932A /* Release */,
			);
			defaultConfigurationIsVisible = 0;
			defaultConfigurationName = Release;
		};
		F084650629A7931A00B6932A /* Build configuration list for PBXNativeTarget "MovieDB-ListUITests" */ = {
			isa = XCConfigurationList;
			buildConfigurations = (
				F084650729A7931A00B6932A /* Debug */,
				F084650829A7931A00B6932A /* Release */,
			);
			defaultConfigurationIsVisible = 0;
			defaultConfigurationName = Release;
		};
/* End XCConfigurationList section */
	};
	rootObject = F08464CE29A7931800B6932A /* Project object */;
}
